
Microsoft Visual Studio Solution File, Format Version 12.00
# Visual Studio Version 17
VisualStudioVersion = 17.4.33213.308
MinimumVisualStudioVersion = 10.0.40219.1
Project("{9A19103F-16F7-4668-BE54-9A1E7A4F7556}") = "RabbitLatencyBenchmarkProducer", "RabbitLatencyBenchmarkProducer\RabbitLatencyBenchmarkProducer.csproj", "{B771A710-49E8-41B6-89CF-F831C8B9187F}"
EndProject
Project("{9A19103F-16F7-4668-BE54-9A1E7A4F7556}") = "RabbitLatencyBenchmarkConsumer", "RabbitLatencyBenchmarkConsumer\RabbitLatencyBenchmarkConsumer.csproj", "{DDC6E594-57A5-4B1A-86C9-60023ADA8FBD}"
EndProject
Project("{9A19103F-16F7-4668-BE54-9A1E7A4F7556}") = "Broker", "Broker\Broker.csproj", "{E1E8C502-20C7-4202-B429-165E1FA30C21}"
EndProject
Project("{FAE04EC0-301F-11D3-BF4B-00C04F79EFBC}") = "MqttSn", "MqttOverUdp\MqttSn.csproj", "{4250F79C-22F4-47A2-9998-7C3B731861D7}"
EndProject
Global
	GlobalSection(SolutionConfigurationPlatforms) = preSolution
		Debug|Any CPU = Debug|Any CPU
		Release|Any CPU = Release|Any CPU
	EndGlobalSection
	GlobalSection(ProjectConfigurationPlatforms) = postSolution
		{B771A710-49E8-41B6-89CF-F831C8B9187F}.Debug|Any CPU.ActiveCfg = Debug|Any CPU
		{B771A710-49E8-41B6-89CF-F831C8B9187F}.Debug|Any CPU.Build.0 = Debug|Any CPU
		{B771A710-49E8-41B6-89CF-F831C8B9187F}.Release|Any CPU.ActiveCfg = Release|Any CPU
		{B771A710-49E8-41B6-89CF-F831C8B9187F}.Release|Any CPU.Build.0 = Release|Any CPU
		{DDC6E594-57A5-4B1A-86C9-60023ADA8FBD}.Debug|Any CPU.ActiveCfg = Debug|Any CPU
		{DDC6E594-57A5-4B1A-86C9-60023ADA8FBD}.Debug|Any CPU.Build.0 = Debug|Any CPU
		{DDC6E594-57A5-4B1A-86C9-60023ADA8FBD}.Release|Any CPU.ActiveCfg = Release|Any CPU
		{DDC6E594-57A5-4B1A-86C9-60023ADA8FBD}.Release|Any CPU.Build.0 = Release|Any CPU
		{E1E8C502-20C7-4202-B429-165E1FA30C21}.Debug|Any CPU.ActiveCfg = Debug|Any CPU
		{E1E8C502-20C7-4202-B429-165E1FA30C21}.Debug|Any CPU.Build.0 = Debug|Any CPU
		{E1E8C502-20C7-4202-B429-165E1FA30C21}.Release|Any CPU.ActiveCfg = Release|Any CPU
		{E1E8C502-20C7-4202-B429-165E1FA30C21}.Release|Any CPU.Build.0 = Release|Any CPU
		{4250F79C-22F4-47A2-9998-7C3B731861D7}.Debug|Any CPU.ActiveCfg = Debug|Any CPU
		{4250F79C-22F4-47A2-9998-7C3B731861D7}.Debug|Any CPU.Build.0 = Debug|Any CPU
		{4250F79C-22F4-47A2-9998-7C3B731861D7}.Release|Any CPU.ActiveCfg = Release|Any CPU
		{4250F79C-22F4-47A2-9998-7C3B731861D7}.Release|Any CPU.Build.0 = Release|Any CPU
	EndGlobalSection
	GlobalSection(SolutionProperties) = preSolution
		HideSolutionNode = FALSE
	EndGlobalSection
	GlobalSection(ExtensibilityGlobals) = postSolution
		SolutionGuid = {46BA208D-7A67-4B9D-8653-0766AA895C31}
	EndGlobalSection
EndGlobal
